
Microsoft Visual Studio Solution File, Format Version 12.00
# Visual Studio Version 16
VisualStudioVersion = 16.0.29613.14
MinimumVisualStudioVersion = 10.0.40219.1
Project("{FAE04EC0-301F-11D3-BF4B-00C04F79EFBC}") = "Transito Veracruz", "Transito Veracruz\Transito Veracruz.csproj", "{ECAA92AA-F267-427F-9A64-B4205B9D5D63}"
EndProject
Global
	GlobalSection(SolutionConfigurationPlatforms) = preSolution
		Debug|Any CPU = Debug|Any CPU
		Release|Any CPU = Release|Any CPU
	EndGlobalSection
	GlobalSection(ProjectConfigurationPlatforms) = postSolution
		{ECAA92AA-F267-427F-9A64-B4205B9D5D63}.Debug|Any CPU.ActiveCfg = Debug|Any CPU
		{ECAA92AA-F267-427F-9A64-B4205B9D5D63}.Debug|Any CPU.Build.0 = Debug|Any CPU
		{ECAA92AA-F267-427F-9A64-B4205B9D5D63}.Release|Any CPU.ActiveCfg = Release|Any CPU
		{ECAA92AA-F267-427F-9A64-B4205B9D5D63}.Release|Any CPU.Build.0 = Release|Any CPU
	EndGlobalSection
	GlobalSection(SolutionProperties) = preSolution
		HideSolutionNode = FALSE
	EndGlobalSection
	GlobalSection(ExtensibilityGlobals) = postSolution
		SolutionGuid = {8989272D-7A44-4B65-B80D-116A0CE02FB8}
	EndGlobalSection
EndGlobal
